# THIS IS AN AUTOGENERATED FILE. DO NOT EDIT THIS FILE DIRECTLY.
# yarn lockfile v1


"@types/is@^0.0.21":
  version "0.0.21"
  resolved "https://registry.yarnpkg.com/@types/is/-/is-0.0.21.tgz#1f4b0afe428991564abbd890844eba2458bc83e6"
  integrity sha512-j2v73mj4I47lOaA8r+5tknsgsqlRPDN224sS0Y7ORzlx3AXxqL6RhK/BRhEMP98RJIVW7WTnXZ9ZqQSNdWWuwg==

arrify@^2.0.1:
  version "2.0.1"
  resolved "https://registry.yarnpkg.com/arrify/-/arrify-2.0.1.tgz#c9655e9331e0abcd588d2a7cad7e9956f66701fa"
  integrity sha512-3duEwti880xqi4eAMN8AyR4a0ByT90zoYdLlevfrvU43vb0YZwZVfxOgxWrLXXXpyugL0hNZc9G6BiB5B3nUug==

is@^3.3.0:
  version "3.3.0"
  resolved "https://registry.yarnpkg.com/is/-/is-3.3.0.tgz#61cff6dd3c4193db94a3d62582072b44e5645d79"
  integrity sha512-nW24QBoPcFGGHJGUwnfpI7Yc5CdqWNdsyHQszVE/z2pKHXzh7FZ5GWhJqSyaQ9wMkQnsTx+kAI8bHlCX4tKdbg==
